PODS:
  - InverseTableView (0.6.0)

DEPENDENCIES:
  - InverseTableView (from `../`)

EXTERNAL SOURCES:
  InverseTableView:
    :path: "../"

SPEC CHECKSUMS:
  InverseTableView: 9954c0cee56c657d95a4f89a5ffc30e650852407

PODFILE CHECKSUM: 5c1e8141ef4a692f76e1d8a914735d2053d99975

COCOAPODS: 1.6.0.beta.1
